PODS:
  - Alamofire (5.4.2)
  - Apollo (0.42.0):
    - Apollo/Core (= 0.42.0)
  - Apollo/Core (0.42.0)
  - FBSDKCoreKit (9.2.0):
    - FBSDKCoreKit/Basics (= 9.2.0)
    - FBSDKCoreKit/Core (= 9.2.0)
  - FBSDKCoreKit/Basics (9.2.0)
  - FBSDKCoreKit/Core (9.2.0):
    - FBSDKCoreKit/Basics
  - FBSDKLoginKit (9.2.0):
    - FBSDKLoginKit/Login (= 9.2.0)
  - FBSDKLoginKit/Login (9.2.0):
    - FBSDKCoreKit (~> 9.2.0)
  - Moya (14.0.0):
    - Moya/Core (= 14.0.0)
  - Moya/Core (14.0.0):
    - Alamofire (~> 5.0)
  - SolarNetwork (5.0.0):
    - Alamofire

DEPENDENCIES:
  - Apollo
  - FBSDKLoginKit
  - Moya
  - SolarNetwork

SPEC REPOS:
  trunk:
    - Alamofire
    - Apollo
    - FBSDKCoreKit
    - FBSDKLoginKit
    - Moya
    - SolarNetwork

SPEC CHECKSUMS:
  Alamofire: bfbc4c2fe5909b1d94fb4ef2277c6b3727ef5dae
  Apollo: c3f1cc3bfb36e1c4bbb642f44184ad759ad42a87
  FBSDKCoreKit: dace5abafc2fd9272733e6d027bcf18102712117
  FBSDKLoginKit: 43f377b451d391f5bc9dd774f51a391db1072029
  Moya: 5b45dacb75adb009f97fde91c204c1e565d31916
  SolarNetwork: c78e9369106e6e46ca350ec7c174d99f09fc2fdc

PODFILE CHECKSUM: 09f837933ce5406aafb902bcf944c128da064728

COCOAPODS: 1.10.1
