PODS:
  - Apollo (0.41.0):
    - Apollo/Core (= 0.41.0)
  - Apollo/Core (0.41.0)
  - FacebookCore (0.9.0):
    - FBSDKCoreKit (~> 5.0)
  - FacebookLogin (0.9.0):
    - FacebookCore (~> 0.9.0)
    - FBSDKCoreKit (~> 5.0)
    - FBSDKLoginKit (~> 5.0)
  - FacebookShare (0.9.0):
    - FacebookCore (~> 0.9.0)
    - FBSDKCoreKit (~> 5.0)
    - FBSDKShareKit (~> 5.0)
  - FBSDKCoreKit (5.15.1):
    - FBSDKCoreKit/Basics (= 5.15.1)
    - FBSDKCoreKit/Core (= 5.15.1)
  - FBSDKCoreKit/Basics (5.15.1)
  - FBSDKCoreKit/Core (5.15.1):
    - FBSDKCoreKit/Basics
  - FBSDKLoginKit (5.15.1):
    - FBSDKLoginKit/Login (= 5.15.1)
  - FBSDKLoginKit/Login (5.15.1):
    - FBSDKCoreKit (~> 5.0)
  - FBSDKShareKit (5.15.1):
    - FBSDKShareKit/Share (= 5.15.1)
  - FBSDKShareKit/Share (5.15.1):
    - FBSDKCoreKit (~> 5.0)
  - iOSDropDown (0.3.4)
  - Realm (10.7.0):
    - Realm/Headers (= 10.7.0)
  - Realm/Headers (10.7.0)
  - RealmSwift (10.7.0):
    - Realm (= 10.7.0)

DEPENDENCIES:
  - Apollo
  - FacebookCore
  - FacebookLogin
  - FacebookShare
  - iOSDropDown
  - RealmSwift

SPEC REPOS:
  trunk:
    - Apollo
    - FacebookCore
    - FacebookLogin
    - FacebookShare
    - FBSDKCoreKit
    - FBSDKLoginKit
    - FBSDKShareKit
    - iOSDropDown
    - Realm
    - RealmSwift

SPEC CHECKSUMS:
  Apollo: abe51edae238da17570535e370ffe1bec276275b
  FacebookCore: ba86524b66cfa86d0f8e65d08faa8504a9f732dd
  FacebookLogin: 6cee9fd6e1fe976fe8f7eec199e27b28b14f5d63
  FacebookShare: 85968ad1b1606c4944fb154924e425fd29184ea5
  FBSDKCoreKit: 1d5acf7c9d7a2f92bb1a242dc60cae5b7adb91df
  FBSDKLoginKit: f1ea8026a58b52d30c9f2e6a58ca7d813619fb83
  FBSDKShareKit: 259737eab3cc807087374553abdf588b3096ba55
  iOSDropDown: c10a761f9a00c3f1cc9d3bce43ae504628e2f692
  Realm: a03c41a3afbda6c197ba4dfba5428b8b54cc2df4
  RealmSwift: 5e7abc842276d7fabd386e67afbf3efde54eb1c6

PODFILE CHECKSUM: 0dd273d5e3804ff92794053e8ad601c0893b8938

COCOAPODS: 1.10.1
